
Microsoft Visual Studio Solution File, Format Version 12.00
# Visual Studio Version 16
VisualStudioVersion = 16.0.32126.315
MinimumVisualStudioVersion = 10.0.40219.1
Project("{FAE04EC0-301F-11D3-BF4B-00C04F79EFBC}") = "03. Celsius to Fahrenheit 2", "03. Celsius to Fahrenheit 2.csproj", "{11796801-5A99-46CB-BA8C-FF44B6CA20D2}"
EndProject
Global
	GlobalSection(SolutionConfigurationPlatforms) = preSolution
		Debug|Any CPU = Debug|Any CPU
		Release|Any CPU = Release|Any CPU
	EndGlobalSection
	GlobalSection(ProjectConfigurationPlatforms) = postSolution
		{11796801-5A99-46CB-BA8C-FF44B6CA20D2}.Debug|Any CPU.ActiveCfg = Debug|Any CPU
		{11796801-5A99-46CB-BA8C-FF44B6CA20D2}.Debug|Any CPU.Build.0 = Debug|Any CPU
		{11796801-5A99-46CB-BA8C-FF44B6CA20D2}.Release|Any CPU.ActiveCfg = Release|Any CPU
		{11796801-5A99-46CB-BA8C-FF44B6CA20D2}.Release|Any CPU.Build.0 = Release|Any CPU
	EndGlobalSection
	GlobalSection(SolutionProperties) = preSolution
		HideSolutionNode = FALSE
	EndGlobalSection
	GlobalSection(ExtensibilityGlobals) = postSolution
		SolutionGuid = {832BD49B-4009-4560-9620-8690F7DD28D7}
	EndGlobalSection
EndGlobal
