
Microsoft Visual Studio Solution File, Format Version 12.00
# Visual Studio Version 16
VisualStudioVersion = 16.0.32228.343
MinimumVisualStudioVersion = 10.0.40219.1
Project("{FAE04EC0-301F-11D3-BF4B-00C04F79EFBC}") = "HousePainting", "HousePainting.csproj", "{B7C8A335-92E0-4979-87E3-296F49A62B8B}"
EndProject
Global
	GlobalSection(SolutionConfigurationPlatforms) = preSolution
		Debug|Any CPU = Debug|Any CPU
		Release|Any CPU = Release|Any CPU
	EndGlobalSection
	GlobalSection(ProjectConfigurationPlatforms) = postSolution
		{B7C8A335-92E0-4979-87E3-296F49A62B8B}.Debug|Any CPU.ActiveCfg = Debug|Any CPU
		{B7C8A335-92E0-4979-87E3-296F49A62B8B}.Debug|Any CPU.Build.0 = Debug|Any CPU
		{B7C8A335-92E0-4979-87E3-296F49A62B8B}.Release|Any CPU.ActiveCfg = Release|Any CPU
		{B7C8A335-92E0-4979-87E3-296F49A62B8B}.Release|Any CPU.Build.0 = Release|Any CPU
	EndGlobalSection
	GlobalSection(SolutionProperties) = preSolution
		HideSolutionNode = FALSE
	EndGlobalSection
	GlobalSection(ExtensibilityGlobals) = postSolution
		SolutionGuid = {FD7714CA-894E-418E-924C-14145884517E}
	EndGlobalSection
EndGlobal
