
Microsoft Visual Studio Solution File, Format Version 12.00
# Visual Studio Version 16
VisualStudioVersion = 16.0.32228.343
MinimumVisualStudioVersion = 10.0.40219.1
Project("{FAE04EC0-301F-11D3-BF4B-00C04F79EFBC}") = "CircleAreaAndPerimeter", "CircleAreaAndPerimeter.csproj", "{96478062-A899-4C44-ACE7-C3563BCDCBEB}"
EndProject
Global
	GlobalSection(SolutionConfigurationPlatforms) = preSolution
		Debug|Any CPU = Debug|Any CPU
		Release|Any CPU = Release|Any CPU
	EndGlobalSection
	GlobalSection(ProjectConfigurationPlatforms) = postSolution
		{96478062-A899-4C44-ACE7-C3563BCDCBEB}.Debug|Any CPU.ActiveCfg = Debug|Any CPU
		{96478062-A899-4C44-ACE7-C3563BCDCBEB}.Debug|Any CPU.Build.0 = Debug|Any CPU
		{96478062-A899-4C44-ACE7-C3563BCDCBEB}.Release|Any CPU.ActiveCfg = Release|Any CPU
		{96478062-A899-4C44-ACE7-C3563BCDCBEB}.Release|Any CPU.Build.0 = Release|Any CPU
	EndGlobalSection
	GlobalSection(SolutionProperties) = preSolution
		HideSolutionNode = FALSE
	EndGlobalSection
	GlobalSection(ExtensibilityGlobals) = postSolution
		SolutionGuid = {688D24D7-F6DC-49F4-B97D-826184B2F991}
	EndGlobalSection
EndGlobal
