
Microsoft Visual Studio Solution File, Format Version 12.00
# Visual Studio Version 16
VisualStudioVersion = 16.0.32126.315
MinimumVisualStudioVersion = 10.0.40219.1
Project("{FAE04EC0-301F-11D3-BF4B-00C04F79EFBC}") = "VacationBooksList", "VacationBooksList.csproj", "{E7E4762C-DA96-4744-A59C-FCAC418CBB91}"
EndProject
Global
	GlobalSection(SolutionConfigurationPlatforms) = preSolution
		Debug|Any CPU = Debug|Any CPU
		Release|Any CPU = Release|Any CPU
	EndGlobalSection
	GlobalSection(ProjectConfigurationPlatforms) = postSolution
		{E7E4762C-DA96-4744-A59C-FCAC418CBB91}.Debug|Any CPU.ActiveCfg = Debug|Any CPU
		{E7E4762C-DA96-4744-A59C-FCAC418CBB91}.Debug|Any CPU.Build.0 = Debug|Any CPU
		{E7E4762C-DA96-4744-A59C-FCAC418CBB91}.Release|Any CPU.ActiveCfg = Release|Any CPU
		{E7E4762C-DA96-4744-A59C-FCAC418CBB91}.Release|Any CPU.Build.0 = Release|Any CPU
	EndGlobalSection
	GlobalSection(SolutionProperties) = preSolution
		HideSolutionNode = FALSE
	EndGlobalSection
	GlobalSection(ExtensibilityGlobals) = postSolution
		SolutionGuid = {1A3710AA-2593-4A99-9458-7E83D0CD0D63}
	EndGlobalSection
EndGlobal
